// !$*UTF8*$!
{
	archiveVersion = 1;
	classes = {
	};
	objectVersion = 50;
	objects = {

/* Begin PBXBuildFile section */
		57FAC1363BC47F63EE21D9C1 /* libPods-Notes.a in Frameworks */ = {isa = PBXBuildFile; fileRef = 90A8AE108B5FC4F16F0A8969 /* libPods-Notes.a */; };
		590C4B0E22B8260400051B46 /* AppDelegate.swift in Sources */ = {isa = PBXBuildFile; fileRef = 590C4B0D22B8260400051B46 /* AppDelegate.swift */; };
		590C4B1022B8260400051B46 /* EditNoteViewController.swift in Sources */ = {isa = PBXBuildFile; fileRef = 590C4B0F22B8260400051B46 /* EditNoteViewController.swift */; };
		590C4B1322B8260400051B46 /* Main.storyboard in Resources */ = {isa = PBXBuildFile; fileRef = 590C4B1122B8260400051B46 /* Main.storyboard */; };
		590C4B1622B8260400051B46 /* Notes.xcdatamodeld in Sources */ = {isa = PBXBuildFile; fileRef = 590C4B1422B8260400051B46 /* Notes.xcdatamodeld */; };
		590C4B1822B8260600051B46 /* Assets.xcassets in Resources */ = {isa = PBXBuildFile; fileRef = 590C4B1722B8260600051B46 /* Assets.xcassets */; };
		590C4B1B22B8260600051B46 /* LaunchScreen.storyboard in Resources */ = {isa = PBXBuildFile; fileRef = 590C4B1922B8260600051B46 /* LaunchScreen.storyboard */; };
		590C4B2322B8263C00051B46 /* Note.swift in Sources */ = {isa = PBXBuildFile; fileRef = 590C4B2222B8263C00051B46 /* Note.swift */; };
		590C4B2722B94AB300051B46 /* NoteExtensions.swift in Sources */ = {isa = PBXBuildFile; fileRef = 590C4B2622B94AB300051B46 /* NoteExtensions.swift */; };
		590F0FF322D8C0EA00C7AA2E /* ColorSquareView.swift in Sources */ = {isa = PBXBuildFile; fileRef = 590F0FF222D8C0EA00C7AA2E /* ColorSquareView.swift */; };
		590F0FF522DB8A0800C7AA2E /* DatePickerView.xib in Resources */ = {isa = PBXBuildFile; fileRef = 590F0FF422DB8A0800C7AA2E /* DatePickerView.xib */; };
		590F0FF722DB8D6900C7AA2E /* DatePickerView.swift in Sources */ = {isa = PBXBuildFile; fileRef = 590F0FF622DB8D6900C7AA2E /* DatePickerView.swift */; };
		591B2C0022DBD48C002F2ABF /* ColorPickerView.swift in Sources */ = {isa = PBXBuildFile; fileRef = 591B2BFF22DBD48C002F2ABF /* ColorPickerView.swift */; };
		591B2C0222DBD5D1002F2ABF /* HSBColorPicker.swift in Sources */ = {isa = PBXBuildFile; fileRef = 591B2C0122DBD5D1002F2ABF /* HSBColorPicker.swift */; };
		591B2C0422DBDA84002F2ABF /* ColorPickerView.xib in Resources */ = {isa = PBXBuildFile; fileRef = 591B2C0322DBDA84002F2ABF /* ColorPickerView.xib */; };
		593A54E222C2BC9D00D2C449 /* FileNotebook.swift in Sources */ = {isa = PBXBuildFile; fileRef = 593A54E122C2BC9D00D2C449 /* FileNotebook.swift */; };
		5951E2A922E4A55500893980 /* ViewController.swift in Sources */ = {isa = PBXBuildFile; fileRef = 5951E2A822E4A55500893980 /* ViewController.swift */; };
		5951E2AC22E4A59F00893980 /* NoteTableViewCell.swift in Sources */ = {isa = PBXBuildFile; fileRef = 5951E2AA22E4A59F00893980 /* NoteTableViewCell.swift */; };
		5951E2AD22E4A59F00893980 /* NoteTableViewCell.xib in Resources */ = {isa = PBXBuildFile; fileRef = 5951E2AB22E4A59F00893980 /* NoteTableViewCell.xib */; };
		5951E2B522E4F95500893980 /* GalleryViewController.swift in Sources */ = {isa = PBXBuildFile; fileRef = 5951E2B422E4F95500893980 /* GalleryViewController.swift */; };
		5951E2B722E4FF1600893980 /* ColorPickerViewController.swift in Sources */ = {isa = PBXBuildFile; fileRef = 5951E2B622E4FF1600893980 /* ColorPickerViewController.swift */; };
/* End PBXBuildFile section */

/* Begin PBXFileReference section */
		2D2D7998882FB13D31A94C70 /* Pods-Notes.qa.xcconfig */ = {isa = PBXFileReference; includeInIndex = 1; lastKnownFileType = text.xcconfig; name = "Pods-Notes.qa.xcconfig"; path = "Target Support Files/Pods-Notes/Pods-Notes.qa.xcconfig"; sourceTree = "<group>"; };
		3EB83692F99F595C9681EAB2 /* Pods-Notes.release.xcconfig */ = {isa = PBXFileReference; includeInIndex = 1; lastKnownFileType = text.xcconfig; name = "Pods-Notes.release.xcconfig"; path = "Target Support Files/Pods-Notes/Pods-Notes.release.xcconfig"; sourceTree = "<group>"; };
		590C4B0A22B8260400051B46 /* Notes.app */ = {isa = PBXFileReference; explicitFileType = wrapper.application; includeInIndex = 0; path = Notes.app; sourceTree = BUILT_PRODUCTS_DIR; };
		590C4B0D22B8260400051B46 /* AppDelegate.swift */ = {isa = PBXFileReference; lastKnownFileType = sourcecode.swift; path = AppDelegate.swift; sourceTree = "<group>"; };
		590C4B0F22B8260400051B46 /* EditNoteViewController.swift */ = {isa = PBXFileReference; lastKnownFileType = sourcecode.swift; path = EditNoteViewController.swift; sourceTree = "<group>"; };
		590C4B1222B8260400051B46 /* Base */ = {isa = PBXFileReference; lastKnownFileType = file.storyboard; name = Base; path = Base.lproj/Main.storyboard; sourceTree = "<group>"; };
		590C4B1522B8260400051B46 /* Notes.xcdatamodel */ = {isa = PBXFileReference; lastKnownFileType = wrapper.xcdatamodel; path = Notes.xcdatamodel; sourceTree = "<group>"; };
		590C4B1722B8260600051B46 /* Assets.xcassets */ = {isa = PBXFileReference; lastKnownFileType = folder.assetcatalog; path = Assets.xcassets; sourceTree = "<group>"; };
		590C4B1A22B8260600051B46 /* Base */ = {isa = PBXFileReference; lastKnownFileType = file.storyboard; name = Base; path = Base.lproj/LaunchScreen.storyboard; sourceTree = "<group>"; };
		590C4B1C22B8260600051B46 /* Info.plist */ = {isa = PBXFileReference; lastKnownFileType = text.plist.xml; path = Info.plist; sourceTree = "<group>"; };
		590C4B2222B8263C00051B46 /* Note.swift */ = {isa = PBXFileReference; lastKnownFileType = sourcecode.swift; path = Note.swift; sourceTree = "<group>"; };
		590C4B2622B94AB300051B46 /* NoteExtensions.swift */ = {isa = PBXFileReference; lastKnownFileType = sourcecode.swift; path = NoteExtensions.swift; sourceTree = "<group>"; };
		590F0FF222D8C0EA00C7AA2E /* ColorSquareView.swift */ = {isa = PBXFileReference; lastKnownFileType = sourcecode.swift; path = ColorSquareView.swift; sourceTree = "<group>"; };
		590F0FF422DB8A0800C7AA2E /* DatePickerView.xib */ = {isa = PBXFileReference; lastKnownFileType = file.xib; path = DatePickerView.xib; sourceTree = "<group>"; };
		590F0FF622DB8D6900C7AA2E /* DatePickerView.swift */ = {isa = PBXFileReference; lastKnownFileType = sourcecode.swift; path = DatePickerView.swift; sourceTree = "<group>"; };
		591B2BFF22DBD48C002F2ABF /* ColorPickerView.swift */ = {isa = PBXFileReference; lastKnownFileType = sourcecode.swift; path = ColorPickerView.swift; sourceTree = "<group>"; };
		591B2C0122DBD5D1002F2ABF /* HSBColorPicker.swift */ = {isa = PBXFileReference; lastKnownFileType = sourcecode.swift; path = HSBColorPicker.swift; sourceTree = "<group>"; };
		591B2C0322DBDA84002F2ABF /* ColorPickerView.xib */ = {isa = PBXFileReference; lastKnownFileType = file.xib; path = ColorPickerView.xib; sourceTree = "<group>"; };
		593A54E122C2BC9D00D2C449 /* FileNotebook.swift */ = {isa = PBXFileReference; lastKnownFileType = sourcecode.swift; path = FileNotebook.swift; sourceTree = "<group>"; };
		5951E2A822E4A55500893980 /* ViewController.swift */ = {isa = PBXFileReference; lastKnownFileType = sourcecode.swift; path = ViewController.swift; sourceTree = "<group>"; };
		5951E2AA22E4A59F00893980 /* NoteTableViewCell.swift */ = {isa = PBXFileReference; lastKnownFileType = sourcecode.swift; path = NoteTableViewCell.swift; sourceTree = "<group>"; };
		5951E2AB22E4A59F00893980 /* NoteTableViewCell.xib */ = {isa = PBXFileReference; lastKnownFileType = file.xib; path = NoteTableViewCell.xib; sourceTree = "<group>"; };
		5951E2B422E4F95500893980 /* GalleryViewController.swift */ = {isa = PBXFileReference; lastKnownFileType = sourcecode.swift; path = GalleryViewController.swift; sourceTree = "<group>"; };
		5951E2B622E4FF1600893980 /* ColorPickerViewController.swift */ = {isa = PBXFileReference; lastKnownFileType = sourcecode.swift; path = ColorPickerViewController.swift; sourceTree = "<group>"; };
		90A8AE108B5FC4F16F0A8969 /* libPods-Notes.a */ = {isa = PBXFileReference; explicitFileType = archive.ar; includeInIndex = 0; path = "libPods-Notes.a"; sourceTree = BUILT_PRODUCTS_DIR; };
		CF7927B24386225F25B2C0F0 /* Pods-Notes.debug.xcconfig */ = {isa = PBXFileReference; includeInIndex = 1; lastKnownFileType = text.xcconfig; name = "Pods-Notes.debug.xcconfig"; path = "Target Support Files/Pods-Notes/Pods-Notes.debug.xcconfig"; sourceTree = "<group>"; };
/* End PBXFileReference section */

/* Begin PBXFrameworksBuildPhase section */
		590C4B0722B8260400051B46 /* Frameworks */ = {
			isa = PBXFrameworksBuildPhase;
			buildActionMask = 2147483647;
			files = (
				57FAC1363BC47F63EE21D9C1 /* libPods-Notes.a in Frameworks */,
			);
			runOnlyForDeploymentPostprocessing = 0;
		};
/* End PBXFrameworksBuildPhase section */

/* Begin PBXGroup section */
		0ABAC3CE786426B6E857B891 /* Frameworks */ = {
			isa = PBXGroup;
			children = (
				90A8AE108B5FC4F16F0A8969 /* libPods-Notes.a */,
			);
			name = Frameworks;
			sourceTree = "<group>";
		};
		590C4B0122B8260400051B46 = {
			isa = PBXGroup;
			children = (
				590C4B0C22B8260400051B46 /* Notes */,
				590C4B0B22B8260400051B46 /* Products */,
				73FE642A1AB19D455C4A173F /* Pods */,
				0ABAC3CE786426B6E857B891 /* Frameworks */,
			);
			sourceTree = "<group>";
		};
		590C4B0B22B8260400051B46 /* Products */ = {
			isa = PBXGroup;
			children = (
				590C4B0A22B8260400051B46 /* Notes.app */,
			);
			name = Products;
			sourceTree = "<group>";
		};
		590C4B0C22B8260400051B46 /* Notes */ = {
			isa = PBXGroup;
			children = (
				5951E2B322E4F3FE00893980 /* Controller */,
				5951E2AE22E4F33700893980 /* View */,
				591F62CB22C8CA32004FF37F /* Model */,
				590C4B0D22B8260400051B46 /* AppDelegate.swift */,
				590C4B1122B8260400051B46 /* Main.storyboard */,
				590C4B1722B8260600051B46 /* Assets.xcassets */,
				590C4B1922B8260600051B46 /* LaunchScreen.storyboard */,
				590C4B1C22B8260600051B46 /* Info.plist */,
				590C4B1422B8260400051B46 /* Notes.xcdatamodeld */,
			);
			path = Notes;
			sourceTree = "<group>";
		};
		591F62CB22C8CA32004FF37F /* Model */ = {
			isa = PBXGroup;
			children = (
				590C4B2222B8263C00051B46 /* Note.swift */,
				590C4B2622B94AB300051B46 /* NoteExtensions.swift */,
				593A54E122C2BC9D00D2C449 /* FileNotebook.swift */,
			);
			path = Model;
			sourceTree = "<group>";
		};
		5951E2AE22E4F33700893980 /* View */ = {
			isa = PBXGroup;
			children = (
				5951E2B222E4F3EE00893980 /* ColorSquareView */,
				5951E2B122E4F39000893980 /* DatePickerView */,
				5951E2B022E4F37400893980 /* ColorPickerView */,
				5951E2AF22E4F34500893980 /* CellView */,
			);
			path = View;
			sourceTree = "<group>";
		};
		5951E2AF22E4F34500893980 /* CellView */ = {
			isa = PBXGroup;
			children = (
				5951E2AA22E4A59F00893980 /* NoteTableViewCell.swift */,
				5951E2AB22E4A59F00893980 /* NoteTableViewCell.xib */,
			);
			path = CellView;
			sourceTree = "<group>";
		};
		5951E2B022E4F37400893980 /* ColorPickerView */ = {
			isa = PBXGroup;
			children = (
				591B2BFF22DBD48C002F2ABF /* ColorPickerView.swift */,
				591B2C0322DBDA84002F2ABF /* ColorPickerView.xib */,
				591B2C0122DBD5D1002F2ABF /* HSBColorPicker.swift */,
			);
			path = ColorPickerView;
			sourceTree = "<group>";
		};
		5951E2B122E4F39000893980 /* DatePickerView */ = {
			isa = PBXGroup;
			children = (
				590F0FF422DB8A0800C7AA2E /* DatePickerView.xib */,
				590F0FF622DB8D6900C7AA2E /* DatePickerView.swift */,
			);
			path = DatePickerView;
			sourceTree = "<group>";
		};
		5951E2B222E4F3EE00893980 /* ColorSquareView */ = {
			isa = PBXGroup;
			children = (
				590F0FF222D8C0EA00C7AA2E /* ColorSquareView.swift */,
			);
			path = ColorSquareView;
			sourceTree = "<group>";
		};
		5951E2B322E4F3FE00893980 /* Controller */ = {
			isa = PBXGroup;
			children = (
				590C4B0F22B8260400051B46 /* EditNoteViewController.swift */,
				5951E2A822E4A55500893980 /* ViewController.swift */,
				5951E2B422E4F95500893980 /* GalleryViewController.swift */,
				5951E2B622E4FF1600893980 /* ColorPickerViewController.swift */,
			);
			path = Controller;
			sourceTree = "<group>";
		};
		73FE642A1AB19D455C4A173F /* Pods */ = {
			isa = PBXGroup;
			children = (
				CF7927B24386225F25B2C0F0 /* Pods-Notes.debug.xcconfig */,
				3EB83692F99F595C9681EAB2 /* Pods-Notes.release.xcconfig */,
				2D2D7998882FB13D31A94C70 /* Pods-Notes.qa.xcconfig */,
			);
			path = Pods;
			sourceTree = "<group>";
		};
/* End PBXGroup section */

/* Begin PBXNativeTarget section */
		590C4B0922B8260400051B46 /* Notes */ = {
			isa = PBXNativeTarget;
			buildConfigurationList = 590C4B1F22B8260600051B46 /* Build configuration list for PBXNativeTarget "Notes" */;
			buildPhases = (
				3923A9A8FB26E714C0DA582C /* [CP] Check Pods Manifest.lock */,
				590C4B0622B8260400051B46 /* Sources */,
				590C4B0722B8260400051B46 /* Frameworks */,
				590C4B0822B8260400051B46 /* Resources */,
			);
			buildRules = (
			);
			dependencies = (
			);
			name = Notes;
			productName = Notes;
			productReference = 590C4B0A22B8260400051B46 /* Notes.app */;
			productType = "com.apple.product-type.application";
		};
/* End PBXNativeTarget section */

/* Begin PBXProject section */
		590C4B0222B8260400051B46 /* Project object */ = {
			isa = PBXProject;
			attributes = {
				LastSwiftUpdateCheck = 1020;
				LastUpgradeCheck = 1020;
				ORGANIZATIONNAME = n.kuznetsov;
				TargetAttributes = {
					590C4B0922B8260400051B46 = {
						CreatedOnToolsVersion = 10.2.1;
					};
				};
			};
			buildConfigurationList = 590C4B0522B8260400051B46 /* Build configuration list for PBXProject "Notes" */;
			compatibilityVersion = "Xcode 9.3";
			developmentRegion = en;
			hasScannedForEncodings = 0;
			knownRegions = (
				en,
				Base,
			);
			mainGroup = 590C4B0122B8260400051B46;
			productRefGroup = 590C4B0B22B8260400051B46 /* Products */;
			projectDirPath = "";
			projectRoot = "";
			targets = (
				590C4B0922B8260400051B46 /* Notes */,
			);
		};
/* End PBXProject section */

/* Begin PBXResourcesBuildPhase section */
		590C4B0822B8260400051B46 /* Resources */ = {
			isa = PBXResourcesBuildPhase;
			buildActionMask = 2147483647;
			files = (
				590C4B1B22B8260600051B46 /* LaunchScreen.storyboard in Resources */,
				590C4B1822B8260600051B46 /* Assets.xcassets in Resources */,
				590F0FF522DB8A0800C7AA2E /* DatePickerView.xib in Resources */,
				5951E2AD22E4A59F00893980 /* NoteTableViewCell.xib in Resources */,
				591B2C0422DBDA84002F2ABF /* ColorPickerView.xib in Resources */,
				590C4B1322B8260400051B46 /* Main.storyboard in Resources */,
			);
			runOnlyForDeploymentPostprocessing = 0;
		};
/* End PBXResourcesBuildPhase section */

/* Begin PBXShellScriptBuildPhase section */
		3923A9A8FB26E714C0DA582C /* [CP] Check Pods Manifest.lock */ = {
			isa = PBXShellScriptBuildPhase;
			buildActionMask = 2147483647;
			files = (
			);
			inputFileListPaths = (
			);
			inputPaths = (
				"${PODS_PODFILE_DIR_PATH}/Podfile.lock",
				"${PODS_ROOT}/Manifest.lock",
			);
			name = "[CP] Check Pods Manifest.lock";
			outputFileListPaths = (
			);
			outputPaths = (
				"$(DERIVED_FILE_DIR)/Pods-Notes-checkManifestLockResult.txt",
			);
			runOnlyForDeploymentPostprocessing = 0;
			shellPath = /bin/sh;
			shellScript = "diff \"${PODS_PODFILE_DIR_PATH}/Podfile.lock\" \"${PODS_ROOT}/Manifest.lock\" > /dev/null\nif [ $? != 0 ] ; then\n    # print error to STDERR\n    echo \"error: The sandbox is not in sync with the Podfile.lock. Run 'pod install' or update your CocoaPods installation.\" >&2\n    exit 1\nfi\n# This output is used by Xcode 'outputs' to avoid re-running this script phase.\necho \"SUCCESS\" > \"${SCRIPT_OUTPUT_FILE_0}\"\n";
			showEnvVarsInLog = 0;
		};
/* End PBXShellScriptBuildPhase section */

/* Begin PBXSourcesBuildPhase section */
		590C4B0622B8260400051B46 /* Sources */ = {
			isa = PBXSourcesBuildPhase;
			buildActionMask = 2147483647;
			files = (
				593A54E222C2BC9D00D2C449 /* FileNotebook.swift in Sources */,
				590C4B1022B8260400051B46 /* EditNoteViewController.swift in Sources */,
				590C4B1622B8260400051B46 /* Notes.xcdatamodeld in Sources */,
				590C4B2722B94AB300051B46 /* NoteExtensions.swift in Sources */,
				5951E2A922E4A55500893980 /* ViewController.swift in Sources */,
				5951E2B522E4F95500893980 /* GalleryViewController.swift in Sources */,
				590C4B0E22B8260400051B46 /* AppDelegate.swift in Sources */,
				591B2C0022DBD48C002F2ABF /* ColorPickerView.swift in Sources */,
				590F0FF322D8C0EA00C7AA2E /* ColorSquareView.swift in Sources */,
				591B2C0222DBD5D1002F2ABF /* HSBColorPicker.swift in Sources */,
				5951E2B722E4FF1600893980 /* ColorPickerViewController.swift in Sources */,
				590F0FF722DB8D6900C7AA2E /* DatePickerView.swift in Sources */,
				590C4B2322B8263C00051B46 /* Note.swift in Sources */,
				5951E2AC22E4A59F00893980 /* NoteTableViewCell.swift in Sources */,
			);
			runOnlyForDeploymentPostprocessing = 0;
		};
/* End PBXSourcesBuildPhase section */

/* Begin PBXVariantGroup section */
		590C4B1122B8260400051B46 /* Main.storyboard */ = {
			isa = PBXVariantGroup;
			children = (
				590C4B1222B8260400051B46 /* Base */,
			);
			name = Main.storyboard;
			sourceTree = "<group>";
		};
		590C4B1922B8260600051B46 /* LaunchScreen.storyboard */ = {
			isa = PBXVariantGroup;
			children = (
				590C4B1A22B8260600051B46 /* Base */,
			);
			name = LaunchScreen.storyboard;
			sourceTree = "<group>";
		};
/* End PBXVariantGroup section */

/* Begin XCBuildConfiguration section */
		590C4B1D22B8260600051B46 /* Debug */ = {
			isa = XCBuildConfiguration;
			buildSettings = {
				ALWAYS_SEARCH_USER_PATHS = NO;
				CLANG_ANALYZER_NONNULL = YES;
				CLANG_ANALYZER_NUMBER_OBJECT_CONVERSION = YES_AGGRESSIVE;
				CLANG_CXX_LANGUAGE_STANDARD = "gnu++14";
				CLANG_CXX_LIBRARY = "libc++";
				CLANG_ENABLE_MODULES = YES;
				CLANG_ENABLE_OBJC_ARC = YES;
				CLANG_ENABLE_OBJC_WEAK = YES;
				CLANG_WARN_BLOCK_CAPTURE_AUTORELEASING = YES;
				CLANG_WARN_BOOL_CONVERSION = YES;
				CLANG_WARN_COMMA = YES;
				CLANG_WARN_CONSTANT_CONVERSION = YES;
				CLANG_WARN_DEPRECATED_OBJC_IMPLEMENTATIONS = YES;
				CLANG_WARN_DIRECT_OBJC_ISA_USAGE = YES_ERROR;
				CLANG_WARN_DOCUMENTATION_COMMENTS = YES;
				CLANG_WARN_EMPTY_BODY = YES;
				CLANG_WARN_ENUM_CONVERSION = YES;
				CLANG_WARN_INFINITE_RECURSION = YES;
				CLANG_WARN_INT_CONVERSION = YES;
				CLANG_WARN_NON_LITERAL_NULL_CONVERSION = YES;
				CLANG_WARN_OBJC_IMPLICIT_RETAIN_SELF = YES;
				CLANG_WARN_OBJC_LITERAL_CONVERSION = YES;
				CLANG_WARN_OBJC_ROOT_CLASS = YES_ERROR;
				CLANG_WARN_RANGE_LOOP_ANALYSIS = YES;
				CLANG_WARN_STRICT_PROTOTYPES = YES;
				CLANG_WARN_SUSPICIOUS_MOVE = YES;
				CLANG_WARN_UNGUARDED_AVAILABILITY = YES_AGGRESSIVE;
				CLANG_WARN_UNREACHABLE_CODE = YES;
				CLANG_WARN__DUPLICATE_METHOD_MATCH = YES;
				CODE_SIGN_IDENTITY = "iPhone Developer";
				COPY_PHASE_STRIP = NO;
				DEBUG_INFORMATION_FORMAT = dwarf;
				ENABLE_STRICT_OBJC_MSGSEND = YES;
				ENABLE_TESTABILITY = YES;
				GCC_C_LANGUAGE_STANDARD = gnu11;
				GCC_DYNAMIC_NO_PIC = NO;
				GCC_NO_COMMON_BLOCKS = YES;
				GCC_OPTIMIZATION_LEVEL = 0;
				GCC_PREPROCESSOR_DEFINITIONS = (
					"DEBUG=1",
					"$(inherited)",
				);
				GCC_WARN_64_TO_32_BIT_CONVERSION = YES;
				GCC_WARN_ABOUT_RETURN_TYPE = YES_ERROR;
				GCC_WARN_UNDECLARED_SELECTOR = YES;
				GCC_WARN_UNINITIALIZED_AUTOS = YES_AGGRESSIVE;
				GCC_WARN_UNUSED_FUNCTION = YES;
				GCC_WARN_UNUSED_VARIABLE = YES;
				IPHONEOS_DEPLOYMENT_TARGET = 12.2;
				MTL_ENABLE_DEBUG_INFO = INCLUDE_SOURCE;
				MTL_FAST_MATH = YES;
				ONLY_ACTIVE_ARCH = YES;
				SDKROOT = iphoneos;
				SWIFT_ACTIVE_COMPILATION_CONDITIONS = DEBUG;
				SWIFT_OPTIMIZATION_LEVEL = "-Onone";
			};
			name = Debug;
		};
		590C4B1E22B8260600051B46 /* Release */ = {
			isa = XCBuildConfiguration;
			buildSettings = {
				ALWAYS_SEARCH_USER_PATHS = NO;
				CLANG_ANALYZER_NONNULL = YES;
				CLANG_ANALYZER_NUMBER_OBJECT_CONVERSION = YES_AGGRESSIVE;
				CLANG_CXX_LANGUAGE_STANDARD = "gnu++14";
				CLANG_CXX_LIBRARY = "libc++";
				CLANG_ENABLE_MODULES = YES;
				CLANG_ENABLE_OBJC_ARC = YES;
				CLANG_ENABLE_OBJC_WEAK = YES;
				CLANG_WARN_BLOCK_CAPTURE_AUTORELEASING = YES;
				CLANG_WARN_BOOL_CONVERSION = YES;
				CLANG_WARN_COMMA = YES;
				CLANG_WARN_CONSTANT_CONVERSION = YES;
				CLANG_WARN_DEPRECATED_OBJC_IMPLEMENTATIONS = YES;
				CLANG_WARN_DIRECT_OBJC_ISA_USAGE = YES_ERROR;
				CLANG_WARN_DOCUMENTATION_COMMENTS = YES;
				CLANG_WARN_EMPTY_BODY = YES;
				CLANG_WARN_ENUM_CONVERSION = YES;
				CLANG_WARN_INFINITE_RECURSION = YES;
				CLANG_WARN_INT_CONVERSION = YES;
				CLANG_WARN_NON_LITERAL_NULL_CONVERSION = YES;
				CLANG_WARN_OBJC_IMPLICIT_RETAIN_SELF = YES;
				CLANG_WARN_OBJC_LITERAL_CONVERSION = YES;
				CLANG_WARN_OBJC_ROOT_CLASS = YES_ERROR;
				CLANG_WARN_RANGE_LOOP_ANALYSIS = YES;
				CLANG_WARN_STRICT_PROTOTYPES = YES;
				CLANG_WARN_SUSPICIOUS_MOVE = YES;
				CLANG_WARN_UNGUARDED_AVAILABILITY = YES_AGGRESSIVE;
				CLANG_WARN_UNREACHABLE_CODE = YES;
				CLANG_WARN__DUPLICATE_METHOD_MATCH = YES;
				CODE_SIGN_IDENTITY = "iPhone Developer";
				COPY_PHASE_STRIP = NO;
				DEBUG_INFORMATION_FORMAT = "dwarf-with-dsym";
				ENABLE_NS_ASSERTIONS = NO;
				ENABLE_STRICT_OBJC_MSGSEND = YES;
				GCC_C_LANGUAGE_STANDARD = gnu11;
				GCC_NO_COMMON_BLOCKS = YES;
				GCC_WARN_64_TO_32_BIT_CONVERSION = YES;
				GCC_WARN_ABOUT_RETURN_TYPE = YES_ERROR;
				GCC_WARN_UNDECLARED_SELECTOR = YES;
				GCC_WARN_UNINITIALIZED_AUTOS = YES_AGGRESSIVE;
				GCC_WARN_UNUSED_FUNCTION = YES;
				GCC_WARN_UNUSED_VARIABLE = YES;
				IPHONEOS_DEPLOYMENT_TARGET = 12.2;
				MTL_ENABLE_DEBUG_INFO = NO;
				MTL_FAST_MATH = YES;
				SDKROOT = iphoneos;
				SWIFT_COMPILATION_MODE = wholemodule;
				SWIFT_OPTIMIZATION_LEVEL = "-O";
				VALIDATE_PRODUCT = YES;
			};
			name = Release;
		};
		590C4B2022B8260600051B46 /* Debug */ = {
			isa = XCBuildConfiguration;
			baseConfigurationReference = CF7927B24386225F25B2C0F0 /* Pods-Notes.debug.xcconfig */;
			buildSettings = {
				ASSETCATALOG_COMPILER_APPICON_NAME = AppIcon;
				CODE_SIGN_STYLE = Automatic;
				DEVELOPMENT_TEAM = 5PTXS287R9;
				INFOPLIST_FILE = Notes/Info.plist;
				LD_RUNPATH_SEARCH_PATHS = (
					"$(inherited)",
					"@executable_path/Frameworks",
				);
				PRODUCT_BUNDLE_IDENTIFIER = nk.Notes;
				PRODUCT_NAME = "$(TARGET_NAME)";
				SWIFT_VERSION = 5.0;
				TARGETED_DEVICE_FAMILY = 1;
			};
			name = Debug;
		};
		590C4B2122B8260600051B46 /* Release */ = {
			isa = XCBuildConfiguration;
			baseConfigurationReference = 3EB83692F99F595C9681EAB2 /* Pods-Notes.release.xcconfig */;
			buildSettings = {
				ASSETCATALOG_COMPILER_APPICON_NAME = AppIcon;
				CODE_SIGN_STYLE = Automatic;
				DEVELOPMENT_TEAM = 5PTXS287R9;
				INFOPLIST_FILE = Notes/Info.plist;
				LD_RUNPATH_SEARCH_PATHS = (
					"$(inherited)",
					"@executable_path/Frameworks",
				);
				PRODUCT_BUNDLE_IDENTIFIER = nk.Notes;
				PRODUCT_NAME = "$(TARGET_NAME)";
				SWIFT_VERSION = 5.0;
				TARGETED_DEVICE_FAMILY = 1;
			};
			name = Release;
		};
		591F62CC22C8F8F0004FF37F /* QA */ = {
			isa = XCBuildConfiguration;
			buildSettings = {
				ALWAYS_SEARCH_USER_PATHS = NO;
				CLANG_ANALYZER_NONNULL = YES;
				CLANG_ANALYZER_NUMBER_OBJECT_CONVERSION = YES_AGGRESSIVE;
				CLANG_CXX_LANGUAGE_STANDARD = "gnu++14";
				CLANG_CXX_LIBRARY = "libc++";
				CLANG_ENABLE_MODULES = YES;
				CLANG_ENABLE_OBJC_ARC = YES;
				CLANG_ENABLE_OBJC_WEAK = YES;
				CLANG_WARN_BLOCK_CAPTURE_AUTORELEASING = YES;
				CLANG_WARN_BOOL_CONVERSION = YES;
				CLANG_WARN_COMMA = YES;
				CLANG_WARN_CONSTANT_CONVERSION = YES;
				CLANG_WARN_DEPRECATED_OBJC_IMPLEMENTATIONS = YES;
				CLANG_WARN_DIRECT_OBJC_ISA_USAGE = YES_ERROR;
				CLANG_WARN_DOCUMENTATION_COMMENTS = YES;
				CLANG_WARN_EMPTY_BODY = YES;
				CLANG_WARN_ENUM_CONVERSION = YES;
				CLANG_WARN_INFINITE_RECURSION = YES;
				CLANG_WARN_INT_CONVERSION = YES;
				CLANG_WARN_NON_LITERAL_NULL_CONVERSION = YES;
				CLANG_WARN_OBJC_IMPLICIT_RETAIN_SELF = YES;
				CLANG_WARN_OBJC_LITERAL_CONVERSION = YES;
				CLANG_WARN_OBJC_ROOT_CLASS = YES_ERROR;
				CLANG_WARN_RANGE_LOOP_ANALYSIS = YES;
				CLANG_WARN_STRICT_PROTOTYPES = YES;
				CLANG_WARN_SUSPICIOUS_MOVE = YES;
				CLANG_WARN_UNGUARDED_AVAILABILITY = YES_AGGRESSIVE;
				CLANG_WARN_UNREACHABLE_CODE = YES;
				CLANG_WARN__DUPLICATE_METHOD_MATCH = YES;
				CODE_SIGN_IDENTITY = "iPhone Developer";
				COPY_PHASE_STRIP = NO;
				DEBUG_INFORMATION_FORMAT = dwarf;
				ENABLE_NS_ASSERTIONS = YES;
				ENABLE_STRICT_OBJC_MSGSEND = YES;
				ENABLE_TESTABILITY = YES;
				GCC_C_LANGUAGE_STANDARD = gnu11;
				GCC_NO_COMMON_BLOCKS = YES;
				GCC_OPTIMIZATION_LEVEL = 0;
				GCC_PREPROCESSOR_DEFINITIONS = "QA=1";
				GCC_WARN_64_TO_32_BIT_CONVERSION = YES;
				GCC_WARN_ABOUT_RETURN_TYPE = YES_ERROR;
				GCC_WARN_UNDECLARED_SELECTOR = YES;
				GCC_WARN_UNINITIALIZED_AUTOS = YES_AGGRESSIVE;
				GCC_WARN_UNUSED_FUNCTION = YES;
				GCC_WARN_UNUSED_VARIABLE = YES;
				IPHONEOS_DEPLOYMENT_TARGET = 12.2;
				MTL_ENABLE_DEBUG_INFO = NO;
				MTL_FAST_MATH = YES;
				SDKROOT = iphoneos;
				SWIFT_ACTIVE_COMPILATION_CONDITIONS = QA;
				SWIFT_COMPILATION_MODE = wholemodule;
				SWIFT_OPTIMIZATION_LEVEL = "-O";
				VALIDATE_PRODUCT = YES;
			};
			name = QA;
		};
		591F62CD22C8F8F0004FF37F /* QA */ = {
			isa = XCBuildConfiguration;
			baseConfigurationReference = 2D2D7998882FB13D31A94C70 /* Pods-Notes.qa.xcconfig */;
			buildSettings = {
				ASSETCATALOG_COMPILER_APPICON_NAME = AppIcon;
				CODE_SIGN_STYLE = Automatic;
				DEVELOPMENT_TEAM = 5PTXS287R9;
				INFOPLIST_FILE = Notes/Info.plist;
				LD_RUNPATH_SEARCH_PATHS = (
					"$(inherited)",
					"@executable_path/Frameworks",
				);
				PRODUCT_BUNDLE_IDENTIFIER = nk.Notes;
				PRODUCT_NAME = "$(TARGET_NAME)";
				SWIFT_VERSION = 5.0;
				TARGETED_DEVICE_FAMILY = 1;
			};
			name = QA;
		};
/* End XCBuildConfiguration section */

/* Begin XCConfigurationList section */
		590C4B0522B8260400051B46 /* Build configuration list for PBXProject "Notes" */ = {
			isa = XCConfigurationList;
			buildConfigurations = (
				590C4B1D22B8260600051B46 /* Debug */,
				590C4B1E22B8260600051B46 /* Release */,
				591F62CC22C8F8F0004FF37F /* QA */,
			);
			defaultConfigurationIsVisible = 0;
			defaultConfigurationName = Release;
		};
		590C4B1F22B8260600051B46 /* Build configuration list for PBXNativeTarget "Notes" */ = {
			isa = XCConfigurationList;
			buildConfigurations = (
				590C4B2022B8260600051B46 /* Debug */,
				590C4B2122B8260600051B46 /* Release */,
				591F62CD22C8F8F0004FF37F /* QA */,
			);
			defaultConfigurationIsVisible = 0;
			defaultConfigurationName = Release;
		};
/* End XCConfigurationList section */

/* Begin XCVersionGroup section */
		590C4B1422B8260400051B46 /* Notes.xcdatamodeld */ = {
			isa = XCVersionGroup;
			children = (
				590C4B1522B8260400051B46 /* Notes.xcdatamodel */,
			);
			currentVersion = 590C4B1522B8260400051B46 /* Notes.xcdatamodel */;
			path = Notes.xcdatamodeld;
			sourceTree = "<group>";
			versionGroupType = wrapper.xcdatamodel;
		};
/* End XCVersionGroup section */
	};
	rootObject = 590C4B0222B8260400051B46 /* Project object */;
}
